// !$*UTF8*$!
{
	archiveVersion = 1;
	classes = {
	};
	objectVersion = 56;
	objects = {

/* Begin PBXBuildFile section */
		3039D25E290F26CF0057B6A2 /* DataStore.swift in Sources */ = {isa = PBXBuildFile; fileRef = 3039D259290F26CF0057B6A2 /* DataStore.swift */; };
		3039D25F290F26CF0057B6A2 /* RecordedDausViewController.swift in Sources */ = {isa = PBXBuildFile; fileRef = 3039D25A290F26CF0057B6A2 /* RecordedDausViewController.swift */; };
		3039D260290F26CF0057B6A2 /* SetMoodViewController.swift in Sources */ = {isa = PBXBuildFile; fileRef = 3039D25B290F26CF0057B6A2 /* SetMoodViewController.swift */; };
		3039D261290F26CF0057B6A2 /* SetMoodStoryboard.storyboard in Resources */ = {isa = PBXBuildFile; fileRef = 3039D25C290F26CF0057B6A2 /* SetMoodStoryboard.storyboard */; };
		3039D262290F26CF0057B6A2 /* DayInfo.swift in Sources */ = {isa = PBXBuildFile; fileRef = 3039D25D290F26CF0057B6A2 /* DayInfo.swift */; };
		3039D270290F28480057B6A2 /* MeditationViewController.swift in Sources */ = {isa = PBXBuildFile; fileRef = 3039D268290F28480057B6A2 /* MeditationViewController.swift */; };
		3039D271290F28480057B6A2 /* ThoughtsViewController.swift in Sources */ = {isa = PBXBuildFile; fileRef = 3039D269290F28480057B6A2 /* ThoughtsViewController.swift */; };
		3039D272290F28480057B6A2 /* CategoryViewController.swift in Sources */ = {isa = PBXBuildFile; fileRef = 3039D26A290F28480057B6A2 /* CategoryViewController.swift */; };
		3039D273290F28480057B6A2 /* DetailedAdviceViewController.swift in Sources */ = {isa = PBXBuildFile; fileRef = 3039D26B290F28480057B6A2 /* DetailedAdviceViewController.swift */; };
		3039D274290F28480057B6A2 /* ResultTableViewController.swift in Sources */ = {isa = PBXBuildFile; fileRef = 3039D26C290F28480057B6A2 /* ResultTableViewController.swift */; };
		3039D275290F28480057B6A2 /* HumorTableViewController.swift in Sources */ = {isa = PBXBuildFile; fileRef = 3039D26D290F28480057B6A2 /* HumorTableViewController.swift */; };
		3039D276290F28480057B6A2 /* AdviceViewController.swift in Sources */ = {isa = PBXBuildFile; fileRef = 3039D26E290F28480057B6A2 /* AdviceViewController.swift */; };
		3039D277290F28480057B6A2 /* DetailedResultViewController.swift in Sources */ = {isa = PBXBuildFile; fileRef = 3039D26F290F28480057B6A2 /* DetailedResultViewController.swift */; };
		3039D27B290F28520057B6A2 /* ThoughtsStoryboard.storyboard in Resources */ = {isa = PBXBuildFile; fileRef = 3039D278290F28520057B6A2 /* ThoughtsStoryboard.storyboard */; };
		3039D27C290F28520057B6A2 /* AdviceStoryboard.storyboard in Resources */ = {isa = PBXBuildFile; fileRef = 3039D279290F28520057B6A2 /* AdviceStoryboard.storyboard */; };
		3039D27D290F28520057B6A2 /* ResultStoryboard.storyboard in Resources */ = {isa = PBXBuildFile; fileRef = 3039D27A290F28520057B6A2 /* ResultStoryboard.storyboard */; };
		3039D280290F28730057B6A2 /* Advice.swift in Sources */ = {isa = PBXBuildFile; fileRef = 3039D27E290F28730057B6A2 /* Advice.swift */; };
		3039D281290F28730057B6A2 /* Humor.swift in Sources */ = {isa = PBXBuildFile; fileRef = 3039D27F290F28730057B6A2 /* Humor.swift */; };
		3039D284290F2B400057B6A2 /* CustomTableViewCell.swift in Sources */ = {isa = PBXBuildFile; fileRef = 3039D282290F2B400057B6A2 /* CustomTableViewCell.swift */; };
		3039D285290F2B400057B6A2 /* Extensions.swift in Sources */ = {isa = PBXBuildFile; fileRef = 3039D283290F2B400057B6A2 /* Extensions.swift */; };
		3039D289290F3BA20057B6A2 /* ResultNavigationController.swift in Sources */ = {isa = PBXBuildFile; fileRef = 3039D288290F3BA20057B6A2 /* ResultNavigationController.swift */; };
		3039D28B290F3E260057B6A2 /* ResultTabBarController.swift in Sources */ = {isa = PBXBuildFile; fileRef = 3039D28A290F3E260057B6A2 /* ResultTabBarController.swift */; };
		8E8B5199290829FE00581C8D /* AppDelegate.swift in Sources */ = {isa = PBXBuildFile; fileRef = 8E8B5198290829FE00581C8D /* AppDelegate.swift */; };
		8E8B519B290829FE00581C8D /* SceneDelegate.swift in Sources */ = {isa = PBXBuildFile; fileRef = 8E8B519A290829FE00581C8D /* SceneDelegate.swift */; };
		8E8B519D290829FE00581C8D /* ViewController.swift in Sources */ = {isa = PBXBuildFile; fileRef = 8E8B519C290829FE00581C8D /* ViewController.swift */; };
		8E8B51A0290829FE00581C8D /* Main.storyboard in Resources */ = {isa = PBXBuildFile; fileRef = 8E8B519E290829FE00581C8D /* Main.storyboard */; };
		8E8B51A2290829FF00581C8D /* Assets.xcassets in Resources */ = {isa = PBXBuildFile; fileRef = 8E8B51A1290829FF00581C8D /* Assets.xcassets */; };
		8E8B51A5290829FF00581C8D /* LaunchScreen.storyboard in Resources */ = {isa = PBXBuildFile; fileRef = 8E8B51A3290829FF00581C8D /* LaunchScreen.storyboard */; };
		8E8B51B7290C383700581C8D /* MeetTeamViewController.swift in Sources */ = {isa = PBXBuildFile; fileRef = 8E8B51B6290C383700581C8D /* MeetTeamViewController.swift */; };
/* End PBXBuildFile section */

/* Begin PBXFileReference section */
		3039D259290F26CF0057B6A2 /* DataStore.swift */ = {isa = PBXFileReference; fileEncoding = 4; lastKnownFileType = sourcecode.swift; path = DataStore.swift; sourceTree = "<group>"; };
		3039D25A290F26CF0057B6A2 /* RecordedDausViewController.swift */ = {isa = PBXFileReference; fileEncoding = 4; lastKnownFileType = sourcecode.swift; path = RecordedDausViewController.swift; sourceTree = "<group>"; };
		3039D25B290F26CF0057B6A2 /* SetMoodViewController.swift */ = {isa = PBXFileReference; fileEncoding = 4; lastKnownFileType = sourcecode.swift; path = SetMoodViewController.swift; sourceTree = "<group>"; };
		3039D25C290F26CF0057B6A2 /* SetMoodStoryboard.storyboard */ = {isa = PBXFileReference; fileEncoding = 4; lastKnownFileType = file.storyboard; path = SetMoodStoryboard.storyboard; sourceTree = "<group>"; };
		3039D25D290F26CF0057B6A2 /* DayInfo.swift */ = {isa = PBXFileReference; fileEncoding = 4; lastKnownFileType = sourcecode.swift; path = DayInfo.swift; sourceTree = "<group>"; };
		3039D268290F28480057B6A2 /* MeditationViewController.swift */ = {isa = PBXFileReference; fileEncoding = 4; lastKnownFileType = sourcecode.swift; path = MeditationViewController.swift; sourceTree = "<group>"; };
		3039D269290F28480057B6A2 /* ThoughtsViewController.swift */ = {isa = PBXFileReference; fileEncoding = 4; lastKnownFileType = sourcecode.swift; path = ThoughtsViewController.swift; sourceTree = "<group>"; };
		3039D26A290F28480057B6A2 /* CategoryViewController.swift */ = {isa = PBXFileReference; fileEncoding = 4; lastKnownFileType = sourcecode.swift; path = CategoryViewController.swift; sourceTree = "<group>"; };
		3039D26B290F28480057B6A2 /* DetailedAdviceViewController.swift */ = {isa = PBXFileReference; fileEncoding = 4; lastKnownFileType = sourcecode.swift; path = DetailedAdviceViewController.swift; sourceTree = "<group>"; };
		3039D26C290F28480057B6A2 /* ResultTableViewController.swift */ = {isa = PBXFileReference; fileEncoding = 4; lastKnownFileType = sourcecode.swift; path = ResultTableViewController.swift; sourceTree = "<group>"; };
		3039D26D290F28480057B6A2 /* HumorTableViewController.swift */ = {isa = PBXFileReference; fileEncoding = 4; lastKnownFileType = sourcecode.swift; path = HumorTableViewController.swift; sourceTree = "<group>"; };
		3039D26E290F28480057B6A2 /* AdviceViewController.swift */ = {isa = PBXFileReference; fileEncoding = 4; lastKnownFileType = sourcecode.swift; path = AdviceViewController.swift; sourceTree = "<group>"; };
		3039D26F290F28480057B6A2 /* DetailedResultViewController.swift */ = {isa = PBXFileReference; fileEncoding = 4; lastKnownFileType = sourcecode.swift; path = DetailedResultViewController.swift; sourceTree = "<group>"; };
		3039D278290F28520057B6A2 /* ThoughtsStoryboard.storyboard */ = {isa = PBXFileReference; fileEncoding = 4; lastKnownFileType = file.storyboard; path = ThoughtsStoryboard.storyboard; sourceTree = "<group>"; };
		3039D279290F28520057B6A2 /* AdviceStoryboard.storyboard */ = {isa = PBXFileReference; fileEncoding = 4; lastKnownFileType = file.storyboard; path = AdviceStoryboard.storyboard; sourceTree = "<group>"; };
		3039D27A290F28520057B6A2 /* ResultStoryboard.storyboard */ = {isa = PBXFileReference; fileEncoding = 4; lastKnownFileType = file.storyboard; path = ResultStoryboard.storyboard; sourceTree = "<group>"; };
		3039D27E290F28730057B6A2 /* Advice.swift */ = {isa = PBXFileReference; fileEncoding = 4; lastKnownFileType = sourcecode.swift; path = Advice.swift; sourceTree = "<group>"; };
		3039D27F290F28730057B6A2 /* Humor.swift */ = {isa = PBXFileReference; fileEncoding = 4; lastKnownFileType = sourcecode.swift; path = Humor.swift; sourceTree = "<group>"; };
		3039D282290F2B400057B6A2 /* CustomTableViewCell.swift */ = {isa = PBXFileReference; fileEncoding = 4; lastKnownFileType = sourcecode.swift; name = CustomTableViewCell.swift; path = MoodTracker/Services/CustomTableViewCell.swift; sourceTree = SOURCE_ROOT; };
		3039D283290F2B400057B6A2 /* Extensions.swift */ = {isa = PBXFileReference; fileEncoding = 4; lastKnownFileType = sourcecode.swift; name = Extensions.swift; path = MoodTracker/Services/Extensions.swift; sourceTree = SOURCE_ROOT; };
		3039D288290F3BA20057B6A2 /* ResultNavigationController.swift */ = {isa = PBXFileReference; lastKnownFileType = sourcecode.swift; path = ResultNavigationController.swift; sourceTree = "<group>"; };
		3039D28A290F3E260057B6A2 /* ResultTabBarController.swift */ = {isa = PBXFileReference; lastKnownFileType = sourcecode.swift; path = ResultTabBarController.swift; sourceTree = "<group>"; };
		8E8B5195290829FE00581C8D /* MoodTracker.app */ = {isa = PBXFileReference; explicitFileType = wrapper.application; includeInIndex = 0; path = MoodTracker.app; sourceTree = BUILT_PRODUCTS_DIR; };
		8E8B5198290829FE00581C8D /* AppDelegate.swift */ = {isa = PBXFileReference; lastKnownFileType = sourcecode.swift; path = AppDelegate.swift; sourceTree = "<group>"; };
		8E8B519A290829FE00581C8D /* SceneDelegate.swift */ = {isa = PBXFileReference; lastKnownFileType = sourcecode.swift; path = SceneDelegate.swift; sourceTree = "<group>"; };
		8E8B519C290829FE00581C8D /* ViewController.swift */ = {isa = PBXFileReference; lastKnownFileType = sourcecode.swift; path = ViewController.swift; sourceTree = "<group>"; };
		8E8B519F290829FE00581C8D /* Base */ = {isa = PBXFileReference; lastKnownFileType = file.storyboard; name = Base; path = Base.lproj/Main.storyboard; sourceTree = "<group>"; };
		8E8B51A1290829FF00581C8D /* Assets.xcassets */ = {isa = PBXFileReference; lastKnownFileType = folder.assetcatalog; path = Assets.xcassets; sourceTree = "<group>"; };
		8E8B51A4290829FF00581C8D /* Base */ = {isa = PBXFileReference; lastKnownFileType = file.storyboard; name = Base; path = Base.lproj/LaunchScreen.storyboard; sourceTree = "<group>"; };
		8E8B51A6290829FF00581C8D /* Info.plist */ = {isa = PBXFileReference; lastKnownFileType = text.plist.xml; path = Info.plist; sourceTree = "<group>"; };
		8E8B51B6290C383700581C8D /* MeetTeamViewController.swift */ = {isa = PBXFileReference; lastKnownFileType = sourcecode.swift; path = MeetTeamViewController.swift; sourceTree = "<group>"; };
/* End PBXFileReference section */

/* Begin PBXFrameworksBuildPhase section */
		8E8B5192290829FE00581C8D /* Frameworks */ = {
			isa = PBXFrameworksBuildPhase;
			buildActionMask = 2147483647;
			files = (
			);
			runOnlyForDeploymentPostprocessing = 0;
		};
/* End PBXFrameworksBuildPhase section */

/* Begin PBXGroup section */
		3039D263290F26E60057B6A2 /* ViewControllers */ = {
			isa = PBXGroup;
			children = (
				3039D26E290F28480057B6A2 /* AdviceViewController.swift */,
				3039D26A290F28480057B6A2 /* CategoryViewController.swift */,
				3039D26B290F28480057B6A2 /* DetailedAdviceViewController.swift */,
				3039D28A290F3E260057B6A2 /* ResultTabBarController.swift */,
				3039D26F290F28480057B6A2 /* DetailedResultViewController.swift */,
				3039D26D290F28480057B6A2 /* HumorTableViewController.swift */,
				3039D268290F28480057B6A2 /* MeditationViewController.swift */,
				3039D26C290F28480057B6A2 /* ResultTableViewController.swift */,
				3039D269290F28480057B6A2 /* ThoughtsViewController.swift */,
				3039D25A290F26CF0057B6A2 /* RecordedDausViewController.swift */,
				3039D25B290F26CF0057B6A2 /* SetMoodViewController.swift */,
				8E8B519C290829FE00581C8D /* ViewController.swift */,
				8E8B51B6290C383700581C8D /* MeetTeamViewController.swift */,
				3039D288290F3BA20057B6A2 /* ResultNavigationController.swift */,
			);
			path = ViewControllers;
			sourceTree = "<group>";
		};
		3039D264290F26FE0057B6A2 /* Storyboards */ = {
			isa = PBXGroup;
			children = (
				3039D279290F28520057B6A2 /* AdviceStoryboard.storyboard */,
				3039D27A290F28520057B6A2 /* ResultStoryboard.storyboard */,
				3039D278290F28520057B6A2 /* ThoughtsStoryboard.storyboard */,
				3039D25C290F26CF0057B6A2 /* SetMoodStoryboard.storyboard */,
				8E8B519E290829FE00581C8D /* Main.storyboard */,
				8E8B51A3290829FF00581C8D /* LaunchScreen.storyboard */,
			);
			path = Storyboards;
			sourceTree = "<group>";
		};
		3039D265290F27170057B6A2 /* Services */ = {
			isa = PBXGroup;
			children = (
				3039D282290F2B400057B6A2 /* CustomTableViewCell.swift */,
				3039D283290F2B400057B6A2 /* Extensions.swift */,
				3039D259290F26CF0057B6A2 /* DataStore.swift */,
			);
			path = Services;
			sourceTree = "<group>";
		};
		3039D266290F27260057B6A2 /* App */ = {
			isa = PBXGroup;
			children = (
				8E8B5198290829FE00581C8D /* AppDelegate.swift */,
				8E8B519A290829FE00581C8D /* SceneDelegate.swift */,
				8E8B51A6290829FF00581C8D /* Info.plist */,
			);
			path = App;
			sourceTree = "<group>";
		};
		3039D267290F273A0057B6A2 /* Models */ = {
			isa = PBXGroup;
			children = (
				3039D27E290F28730057B6A2 /* Advice.swift */,
				3039D27F290F28730057B6A2 /* Humor.swift */,
				3039D25D290F26CF0057B6A2 /* DayInfo.swift */,
			);
			path = Models;
			sourceTree = "<group>";
		};
		8E8B518C290829FE00581C8D = {
			isa = PBXGroup;
			children = (
				8E8B5197290829FE00581C8D /* MoodTracker */,
				8E8B5196290829FE00581C8D /* Products */,
			);
			sourceTree = "<group>";
		};
		8E8B5196290829FE00581C8D /* Products */ = {
			isa = PBXGroup;
			children = (
				8E8B5195290829FE00581C8D /* MoodTracker.app */,
			);
			name = Products;
			sourceTree = "<group>";
		};
		8E8B5197290829FE00581C8D /* MoodTracker */ = {
			isa = PBXGroup;
			children = (
				3039D265290F27170057B6A2 /* Services */,
				3039D267290F273A0057B6A2 /* Models */,
				3039D264290F26FE0057B6A2 /* Storyboards */,
				3039D263290F26E60057B6A2 /* ViewControllers */,
				3039D266290F27260057B6A2 /* App */,
				8E8B51A1290829FF00581C8D /* Assets.xcassets */,
			);
			path = MoodTracker;
			sourceTree = "<group>";
		};
/* End PBXGroup section */

/* Begin PBXNativeTarget section */
		8E8B5194290829FE00581C8D /* MoodTracker */ = {
			isa = PBXNativeTarget;
			buildConfigurationList = 8E8B51A9290829FF00581C8D /* Build configuration list for PBXNativeTarget "MoodTracker" */;
			buildPhases = (
				8E8B5191290829FE00581C8D /* Sources */,
				8E8B5192290829FE00581C8D /* Frameworks */,
				8E8B5193290829FE00581C8D /* Resources */,
			);
			buildRules = (
			);
			dependencies = (
			);
			name = MoodTracker;
			productName = MoodTracker;
			productReference = 8E8B5195290829FE00581C8D /* MoodTracker.app */;
			productType = "com.apple.product-type.application";
		};
/* End PBXNativeTarget section */

/* Begin PBXProject section */
		8E8B518D290829FE00581C8D /* Project object */ = {
			isa = PBXProject;
			attributes = {
				BuildIndependentTargetsInParallel = 1;
				LastSwiftUpdateCheck = 1400;
				LastUpgradeCheck = 1400;
				TargetAttributes = {
					8E8B5194290829FE00581C8D = {
						CreatedOnToolsVersion = 14.0.1;
					};
				};
			};
			buildConfigurationList = 8E8B5190290829FE00581C8D /* Build configuration list for PBXProject "MoodTracker" */;
			compatibilityVersion = "Xcode 14.0";
			developmentRegion = en;
			hasScannedForEncodings = 0;
			knownRegions = (
				en,
				Base,
			);
			mainGroup = 8E8B518C290829FE00581C8D;
			productRefGroup = 8E8B5196290829FE00581C8D /* Products */;
			projectDirPath = "";
			projectRoot = "";
			targets = (
				8E8B5194290829FE00581C8D /* MoodTracker */,
			);
		};
/* End PBXProject section */

/* Begin PBXResourcesBuildPhase section */
		8E8B5193290829FE00581C8D /* Resources */ = {
			isa = PBXResourcesBuildPhase;
			buildActionMask = 2147483647;
			files = (
				8E8B51A5290829FF00581C8D /* LaunchScreen.storyboard in Resources */,
				3039D261290F26CF0057B6A2 /* SetMoodStoryboard.storyboard in Resources */,
				3039D27D290F28520057B6A2 /* ResultStoryboard.storyboard in Resources */,
				8E8B51A2290829FF00581C8D /* Assets.xcassets in Resources */,
				3039D27B290F28520057B6A2 /* ThoughtsStoryboard.storyboard in Resources */,
				8E8B51A0290829FE00581C8D /* Main.storyboard in Resources */,
				3039D27C290F28520057B6A2 /* AdviceStoryboard.storyboard in Resources */,
			);
			runOnlyForDeploymentPostprocessing = 0;
		};
/* End PBXResourcesBuildPhase section */

/* Begin PBXSourcesBuildPhase section */
		8E8B5191290829FE00581C8D /* Sources */ = {
			isa = PBXSourcesBuildPhase;
			buildActionMask = 2147483647;
			files = (
				3039D271290F28480057B6A2 /* ThoughtsViewController.swift in Sources */,
				8E8B51B7290C383700581C8D /* MeetTeamViewController.swift in Sources */,
				3039D280290F28730057B6A2 /* Advice.swift in Sources */,
				3039D281290F28730057B6A2 /* Humor.swift in Sources */,
				3039D270290F28480057B6A2 /* MeditationViewController.swift in Sources */,
				3039D284290F2B400057B6A2 /* CustomTableViewCell.swift in Sources */,
				3039D277290F28480057B6A2 /* DetailedResultViewController.swift in Sources */,
				3039D289290F3BA20057B6A2 /* ResultNavigationController.swift in Sources */,
				3039D274290F28480057B6A2 /* ResultTableViewController.swift in Sources */,
				8E8B519D290829FE00581C8D /* ViewController.swift in Sources */,
				3039D273290F28480057B6A2 /* DetailedAdviceViewController.swift in Sources */,
				3039D262290F26CF0057B6A2 /* DayInfo.swift in Sources */,
				3039D275290F28480057B6A2 /* HumorTableViewController.swift in Sources */,
				8E8B5199290829FE00581C8D /* AppDelegate.swift in Sources */,
				3039D25E290F26CF0057B6A2 /* DataStore.swift in Sources */,
				3039D25F290F26CF0057B6A2 /* RecordedDausViewController.swift in Sources */,
				3039D28B290F3E260057B6A2 /* ResultTabBarController.swift in Sources */,
				3039D285290F2B400057B6A2 /* Extensions.swift in Sources */,
				8E8B519B290829FE00581C8D /* SceneDelegate.swift in Sources */,
				3039D272290F28480057B6A2 /* CategoryViewController.swift in Sources */,
				3039D276290F28480057B6A2 /* AdviceViewController.swift in Sources */,
				3039D260290F26CF0057B6A2 /* SetMoodViewController.swift in Sources */,
			);
			runOnlyForDeploymentPostprocessing = 0;
		};
/* End PBXSourcesBuildPhase section */

/* Begin PBXVariantGroup section */
		8E8B519E290829FE00581C8D /* Main.storyboard */ = {
			isa = PBXVariantGroup;
			children = (
				8E8B519F290829FE00581C8D /* Base */,
			);
			name = Main.storyboard;
			sourceTree = "<group>";
		};
		8E8B51A3290829FF00581C8D /* LaunchScreen.storyboard */ = {
			isa = PBXVariantGroup;
			children = (
				8E8B51A4290829FF00581C8D /* Base */,
			);
			name = LaunchScreen.storyboard;
			sourceTree = "<group>";
		};
/* End PBXVariantGroup section */

/* Begin XCBuildConfiguration section */
		8E8B51A7290829FF00581C8D /* Debug */ = {
			isa = XCBuildConfiguration;
			buildSettings = {
				ALWAYS_SEARCH_USER_PATHS = NO;
				CLANG_ANALYZER_NONNULL = YES;
				CLANG_ANALYZER_NUMBER_OBJECT_CONVERSION = YES_AGGRESSIVE;
				CLANG_CXX_LANGUAGE_STANDARD = "gnu++20";
				CLANG_ENABLE_MODULES = YES;
				CLANG_ENABLE_OBJC_ARC = YES;
				CLANG_ENABLE_OBJC_WEAK = YES;
				CLANG_WARN_BLOCK_CAPTURE_AUTORELEASING = YES;
				CLANG_WARN_BOOL_CONVERSION = YES;
				CLANG_WARN_COMMA = YES;
				CLANG_WARN_CONSTANT_CONVERSION = YES;
				CLANG_WARN_DEPRECATED_OBJC_IMPLEMENTATIONS = YES;
				CLANG_WARN_DIRECT_OBJC_ISA_USAGE = YES_ERROR;
				CLANG_WARN_DOCUMENTATION_COMMENTS = YES;
				CLANG_WARN_EMPTY_BODY = YES;
				CLANG_WARN_ENUM_CONVERSION = YES;
				CLANG_WARN_INFINITE_RECURSION = YES;
				CLANG_WARN_INT_CONVERSION = YES;
				CLANG_WARN_NON_LITERAL_NULL_CONVERSION = YES;
				CLANG_WARN_OBJC_IMPLICIT_RETAIN_SELF = YES;
				CLANG_WARN_OBJC_LITERAL_CONVERSION = YES;
				CLANG_WARN_OBJC_ROOT_CLASS = YES_ERROR;
				CLANG_WARN_QUOTED_INCLUDE_IN_FRAMEWORK_HEADER = YES;
				CLANG_WARN_RANGE_LOOP_ANALYSIS = YES;
				CLANG_WARN_STRICT_PROTOTYPES = YES;
				CLANG_WARN_SUSPICIOUS_MOVE = YES;
				CLANG_WARN_UNGUARDED_AVAILABILITY = YES_AGGRESSIVE;
				CLANG_WARN_UNREACHABLE_CODE = YES;
				CLANG_WARN__DUPLICATE_METHOD_MATCH = YES;
				COPY_PHASE_STRIP = NO;
				DEBUG_INFORMATION_FORMAT = dwarf;
				ENABLE_STRICT_OBJC_MSGSEND = YES;
				ENABLE_TESTABILITY = YES;
				GCC_C_LANGUAGE_STANDARD = gnu11;
				GCC_DYNAMIC_NO_PIC = NO;
				GCC_NO_COMMON_BLOCKS = YES;
				GCC_OPTIMIZATION_LEVEL = 0;
				GCC_PREPROCESSOR_DEFINITIONS = (
					"DEBUG=1",
					"$(inherited)",
				);
				GCC_WARN_64_TO_32_BIT_CONVERSION = YES;
				GCC_WARN_ABOUT_RETURN_TYPE = YES_ERROR;
				GCC_WARN_UNDECLARED_SELECTOR = YES;
				GCC_WARN_UNINITIALIZED_AUTOS = YES_AGGRESSIVE;
				GCC_WARN_UNUSED_FUNCTION = YES;
				GCC_WARN_UNUSED_VARIABLE = YES;
				IPHONEOS_DEPLOYMENT_TARGET = 16.0;
				MTL_ENABLE_DEBUG_INFO = INCLUDE_SOURCE;
				MTL_FAST_MATH = YES;
				ONLY_ACTIVE_ARCH = YES;
				SDKROOT = iphoneos;
				SWIFT_ACTIVE_COMPILATION_CONDITIONS = DEBUG;
				SWIFT_OPTIMIZATION_LEVEL = "-Onone";
			};
			name = Debug;
		};
		8E8B51A8290829FF00581C8D /* Release */ = {
			isa = XCBuildConfiguration;
			buildSettings = {
				ALWAYS_SEARCH_USER_PATHS = NO;
				CLANG_ANALYZER_NONNULL = YES;
				CLANG_ANALYZER_NUMBER_OBJECT_CONVERSION = YES_AGGRESSIVE;
				CLANG_CXX_LANGUAGE_STANDARD = "gnu++20";
				CLANG_ENABLE_MODULES = YES;
				CLANG_ENABLE_OBJC_ARC = YES;
				CLANG_ENABLE_OBJC_WEAK = YES;
				CLANG_WARN_BLOCK_CAPTURE_AUTORELEASING = YES;
				CLANG_WARN_BOOL_CONVERSION = YES;
				CLANG_WARN_COMMA = YES;
				CLANG_WARN_CONSTANT_CONVERSION = YES;
				CLANG_WARN_DEPRECATED_OBJC_IMPLEMENTATIONS = YES;
				CLANG_WARN_DIRECT_OBJC_ISA_USAGE = YES_ERROR;
				CLANG_WARN_DOCUMENTATION_COMMENTS = YES;
				CLANG_WARN_EMPTY_BODY = YES;
				CLANG_WARN_ENUM_CONVERSION = YES;
				CLANG_WARN_INFINITE_RECURSION = YES;
				CLANG_WARN_INT_CONVERSION = YES;
				CLANG_WARN_NON_LITERAL_NULL_CONVERSION = YES;
				CLANG_WARN_OBJC_IMPLICIT_RETAIN_SELF = YES;
				CLANG_WARN_OBJC_LITERAL_CONVERSION = YES;
				CLANG_WARN_OBJC_ROOT_CLASS = YES_ERROR;
				CLANG_WARN_QUOTED_INCLUDE_IN_FRAMEWORK_HEADER = YES;
				CLANG_WARN_RANGE_LOOP_ANALYSIS = YES;
				CLANG_WARN_STRICT_PROTOTYPES = YES;
				CLANG_WARN_SUSPICIOUS_MOVE = YES;
				CLANG_WARN_UNGUARDED_AVAILABILITY = YES_AGGRESSIVE;
				CLANG_WARN_UNREACHABLE_CODE = YES;
				CLANG_WARN__DUPLICATE_METHOD_MATCH = YES;
				COPY_PHASE_STRIP = NO;
				DEBUG_INFORMATION_FORMAT = "dwarf-with-dsym";
				ENABLE_NS_ASSERTIONS = NO;
				ENABLE_STRICT_OBJC_MSGSEND = YES;
				GCC_C_LANGUAGE_STANDARD = gnu11;
				GCC_NO_COMMON_BLOCKS = YES;
				GCC_WARN_64_TO_32_BIT_CONVERSION = YES;
				GCC_WARN_ABOUT_RETURN_TYPE = YES_ERROR;
				GCC_WARN_UNDECLARED_SELECTOR = YES;
				GCC_WARN_UNINITIALIZED_AUTOS = YES_AGGRESSIVE;
				GCC_WARN_UNUSED_FUNCTION = YES;
				GCC_WARN_UNUSED_VARIABLE = YES;
				IPHONEOS_DEPLOYMENT_TARGET = 16.0;
				MTL_ENABLE_DEBUG_INFO = NO;
				MTL_FAST_MATH = YES;
				SDKROOT = iphoneos;
				SWIFT_COMPILATION_MODE = wholemodule;
				SWIFT_OPTIMIZATION_LEVEL = "-O";
				VALIDATE_PRODUCT = YES;
			};
			name = Release;
		};
		8E8B51AA290829FF00581C8D /* Debug */ = {
			isa = XCBuildConfiguration;
			buildSettings = {
				ASSETCATALOG_COMPILER_APPICON_NAME = AppIcon;
				ASSETCATALOG_COMPILER_GLOBAL_ACCENT_COLOR_NAME = AccentColor;
				CODE_SIGN_STYLE = Automatic;
				CURRENT_PROJECT_VERSION = 1;
				DEVELOPMENT_TEAM = Q7H84WAXJV;
				GENERATE_INFOPLIST_FILE = YES;
				INFOPLIST_FILE = MoodTracker/App/Info.plist;
				INFOPLIST_KEY_UIApplicationSupportsIndirectInputEvents = YES;
				INFOPLIST_KEY_UILaunchStoryboardName = LaunchScreen;
				INFOPLIST_KEY_UIMainStoryboardFile = Main;
				INFOPLIST_KEY_UISupportedInterfaceOrientations_iPad = "UIInterfaceOrientationPortrait UIInterfaceOrientationPortraitUpsideDown UIInterfaceOrientationLandscapeLeft UIInterfaceOrientationLandscapeRight";
				INFOPLIST_KEY_UISupportedInterfaceOrientations_iPhone = "UIInterfaceOrientationPortrait UIInterfaceOrientationLandscapeLeft UIInterfaceOrientationLandscapeRight";
				LD_RUNPATH_SEARCH_PATHS = (
					"$(inherited)",
					"@executable_path/Frameworks",
				);
				MARKETING_VERSION = 1.0;
				PRODUCT_BUNDLE_IDENTIFIER = hiirari.MoodTracker;
				PRODUCT_NAME = "$(TARGET_NAME)";
				SUPPORTED_PLATFORMS = "iphoneos iphonesimulator";
				SUPPORTS_MACCATALYST = NO;
				SUPPORTS_MAC_DESIGNED_FOR_IPHONE_IPAD = NO;
				SWIFT_EMIT_LOC_STRINGS = YES;
				SWIFT_VERSION = 5.0;
				TARGETED_DEVICE_FAMILY = 1;
			};
			name = Debug;
		};
		8E8B51AB290829FF00581C8D /* Release */ = {
			isa = XCBuildConfiguration;
			buildSettings = {
				ASSETCATALOG_COMPILER_APPICON_NAME = AppIcon;
				ASSETCATALOG_COMPILER_GLOBAL_ACCENT_COLOR_NAME = AccentColor;
				CODE_SIGN_STYLE = Automatic;
				CURRENT_PROJECT_VERSION = 1;
				DEVELOPMENT_TEAM = Q7H84WAXJV;
				GENERATE_INFOPLIST_FILE = YES;
				INFOPLIST_FILE = MoodTracker/App/Info.plist;
				INFOPLIST_KEY_UIApplicationSupportsIndirectInputEvents = YES;
				INFOPLIST_KEY_UILaunchStoryboardName = LaunchScreen;
				INFOPLIST_KEY_UIMainStoryboardFile = Main;
				INFOPLIST_KEY_UISupportedInterfaceOrientations_iPad = "UIInterfaceOrientationPortrait UIInterfaceOrientationPortraitUpsideDown UIInterfaceOrientationLandscapeLeft UIInterfaceOrientationLandscapeRight";
				INFOPLIST_KEY_UISupportedInterfaceOrientations_iPhone = "UIInterfaceOrientationPortrait UIInterfaceOrientationLandscapeLeft UIInterfaceOrientationLandscapeRight";
				LD_RUNPATH_SEARCH_PATHS = (
					"$(inherited)",
					"@executable_path/Frameworks",
				);
				MARKETING_VERSION = 1.0;
				PRODUCT_BUNDLE_IDENTIFIER = hiirari.MoodTracker;
				PRODUCT_NAME = "$(TARGET_NAME)";
				SUPPORTED_PLATFORMS = "iphoneos iphonesimulator";
				SUPPORTS_MACCATALYST = NO;
				SUPPORTS_MAC_DESIGNED_FOR_IPHONE_IPAD = NO;
				SWIFT_EMIT_LOC_STRINGS = YES;
				SWIFT_VERSION = 5.0;
				TARGETED_DEVICE_FAMILY = 1;
			};
			name = Release;
		};
/* End XCBuildConfiguration section */

/* Begin XCConfigurationList section */
		8E8B5190290829FE00581C8D /* Build configuration list for PBXProject "MoodTracker" */ = {
			isa = XCConfigurationList;
			buildConfigurations = (
				8E8B51A7290829FF00581C8D /* Debug */,
				8E8B51A8290829FF00581C8D /* Release */,
			);
			defaultConfigurationIsVisible = 0;
			defaultConfigurationName = Release;
		};
		8E8B51A9290829FF00581C8D /* Build configuration list for PBXNativeTarget "MoodTracker" */ = {
			isa = XCConfigurationList;
			buildConfigurations = (
				8E8B51AA290829FF00581C8D /* Debug */,
				8E8B51AB290829FF00581C8D /* Release */,
			);
			defaultConfigurationIsVisible = 0;
			defaultConfigurationName = Release;
		};
/* End XCConfigurationList section */
	};
	rootObject = 8E8B518D290829FE00581C8D /* Project object */;
}
